
Microsoft Visual Studio Solution File, Format Version 12.00
# Visual Studio Version 17
VisualStudioVersion = 17.14.37614.0
MinimumVisualStudioVersion = 10.0.40219.1
Project("{2150E333-8FDC-42A3-9474-1A3956D46DE8}") = "Task0", "Task0", "{02EA681E-C7D8-13C7-8484-4AC65E1B71E8}"
EndProject
Project("{FAE04EC0-301F-11D3-BF4B-00C04F79EFBC}") = "Tyuiu.LebedevaKS.Sprint0.Task0.V0", "Tyuiu.LebedevaKS.Sprint0.Task0.V0\Tyuiu.LebedevaKS.Sprint0.Task0.V0.csproj", "{11D8A600-5647-4EDC-8F7A-9E83ED65D3F8}"
EndProject
Project("{2150E333-8FDC-42A3-9474-1A3956D46DE8}") = "Task1", "Task1", "{E58823DD-FDDE-46F4-8090-01D563277F58}"
EndProject
Project("{FAE04EC0-301F-11D3-BF4B-00C04F79EFBC}") = "Tyuiu.LebedevaKS.Sprint0.Task1.V0", "Tyuiu.LebedevaKS.Sprint0.Task1.V0\Tyuiu.LebedevaKS.Sprint0.Task1.V0.csproj", "{2FB20F31-BA64-4D5F-8E61-07DEF3DEB97E}"
EndProject
Project("{2150E333-8FDC-42A3-9474-1A3956D46DE8}") = "Task2", "Task2", "{A1D97581-41DB-4C4A-8558-6D9289D7D879}"
EndProject
Project("{FAE04EC0-301F-11D3-BF4B-00C04F79EFBC}") = "Tyuiu.LebedevaKS.Sprint0.Task2.V0", "Tyuiu.LebedevaKS.Sprint0.Task2.V0\Tyuiu.LebedevaKS.Sprint0.Task2.V0.csproj", "{A5F50E5F-1CFB-4D01-99C7-CFCD43A4EF92}"
EndProject
Project("{FAE04EC0-301F-11D3-BF4B-00C04F79EFBC}") = "Tyuiu.LebedevaKS.Sprint0.Task2.V0.Lib", "Tyuiu.LebedevaKS.Sprint0.Task2.V0.Lib\Tyuiu.LebedevaKS.Sprint0.Task2.V0.Lib.csproj", "{92E4F925-7E62-4AE9-B0DF-F385159BCF59}"
EndProject
Project("{FAE04EC0-301F-11D3-BF4B-00C04F79EFBC}") = "Tyuiu.LebedevaKS.Sprint0.Task2.V0.Test", "Tyuiu.LebedevaKS.Sprint0.Task2.V0.Test\Tyuiu.LebedevaKS.Sprint0.Task2.V0.Test.csproj", "{0C438238-E6F9-4FA6-A8F0-9AC3CDD3F2B6}"
EndProject
Global
	GlobalSection(SolutionConfigurationPlatforms) = preSolution
		Debug|Any CPU = Debug|Any CPU
		Release|Any CPU = Release|Any CPU
	EndGlobalSection
	GlobalSection(ProjectConfigurationPlatforms) = postSolution
		{11D8A600-5647-4EDC-8F7A-9E83ED65D3F8}.Debug|Any CPU.ActiveCfg = Debug|Any CPU
		{11D8A600-5647-4EDC-8F7A-9E83ED65D3F8}.Debug|Any CPU.Build.0 = Debug|Any CPU
		{11D8A600-5647-4EDC-8F7A-9E83ED65D3F8}.Release|Any CPU.ActiveCfg = Release|Any CPU
		{11D8A600-5647-4EDC-8F7A-9E83ED65D3F8}.Release|Any CPU.Build.0 = Release|Any CPU
		{2FB20F31-BA64-4D5F-8E61-07DEF3DEB97E}.Debug|Any CPU.ActiveCfg = Debug|Any CPU
		{2FB20F31-BA64-4D5F-8E61-07DEF3DEB97E}.Debug|Any CPU.Build.0 = Debug|Any CPU
		{2FB20F31-BA64-4D5F-8E61-07DEF3DEB97E}.Release|Any CPU.ActiveCfg = Release|Any CPU
		{2FB20F31-BA64-4D5F-8E61-07DEF3DEB97E}.Release|Any CPU.Build.0 = Release|Any CPU
		{A5F50E5F-1CFB-4D01-99C7-CFCD43A4EF92}.Debug|Any CPU.ActiveCfg = Debug|Any CPU
		{A5F50E5F-1CFB-4D01-99C7-CFCD43A4EF92}.Debug|Any CPU.Build.0 = Debug|Any CPU
		{A5F50E5F-1CFB-4D01-99C7-CFCD43A4EF92}.Release|Any CPU.ActiveCfg = Release|Any CPU
		{A5F50E5F-1CFB-4D01-99C7-CFCD43A4EF92}.Release|Any CPU.Build.0 = Release|Any CPU
		{92E4F925-7E62-4AE9-B0DF-F385159BCF59}.Debug|Any CPU.ActiveCfg = Debug|Any CPU
		{92E4F925-7E62-4AE9-B0DF-F385159BCF59}.Debug|Any CPU.Build.0 = Debug|Any CPU
		{92E4F925-7E62-4AE9-B0DF-F385159BCF59}.Release|Any CPU.ActiveCfg = Release|Any CPU
		{92E4F925-7E62-4AE9-B0DF-F385159BCF59}.Release|Any CPU.Build.0 = Release|Any CPU
		{0C438238-E6F9-4FA6-A8F0-9AC3CDD3F2B6}.Debug|Any CPU.ActiveCfg = Debug|Any CPU
		{0C438238-E6F9-4FA6-A8F0-9AC3CDD3F2B6}.Debug|Any CPU.Build.0 = Debug|Any CPU
		{0C438238-E6F9-4FA6-A8F0-9AC3CDD3F2B6}.Release|Any CPU.ActiveCfg = Release|Any CPU
		{0C438238-E6F9-4FA6-A8F0-9AC3CDD3F2B6}.Release|Any CPU.Build.0 = Release|Any CPU
	EndGlobalSection
	GlobalSection(SolutionProperties) = preSolution
		HideSolutionNode = FALSE
	EndGlobalSection
	GlobalSection(NestedProjects) = preSolution
		{11D8A600-5647-4EDC-8F7A-9E83ED65D3F8} = {02EA681E-C7D8-13C7-8484-4AC65E1B71E8}
		{2FB20F31-BA64-4D5F-8E61-07DEF3DEB97E} = {E58823DD-FDDE-46F4-8090-01D563277F58}
		{A5F50E5F-1CFB-4D01-99C7-CFCD43A4EF92} = {A1D97581-41DB-4C4A-8558-6D9289D7D879}
		{92E4F925-7E62-4AE9-B0DF-F385159BCF59} = {A1D97581-41DB-4C4A-8558-6D9289D7D879}
		{0C438238-E6F9-4FA6-A8F0-9AC3CDD3F2B6} = {A1D97581-41DB-4C4A-8558-6D9289D7D879}
	EndGlobalSection
	GlobalSection(ExtensibilityGlobals) = postSolution
		SolutionGuid = {1900DC9F-5E11-4922-A7CE-CD17F960C3CE}
	EndGlobalSection
EndGlobal
