
Microsoft Visual Studio Solution File, Format Version 12.00
# Visual Studio Version 17
VisualStudioVersion = 17.14.37614.0
MinimumVisualStudioVersion = 10.0.40219.1
Project("{2150E333-8FDC-42A3-9474-1A3956D46DE8}") = "Task0", "Task0", "{02EA681E-C7D8-13C7-8484-4AC65E1B71E8}"
EndProject
Project("{FAE04EC0-301F-11D3-BF4B-00C04F79EFBC}") = "Tyuiu.LebedevaKS.Sprint0.Task0.V0", "Tyuiu.LebedevaKS.Sprint0.Task0.V0\Tyuiu.LebedevaKS.Sprint0.Task0.V0.csproj", "{11D8A600-5647-4EDC-8F7A-9E83ED65D3F8}"
EndProject
Project("{2150E333-8FDC-42A3-9474-1A3956D46DE8}") = "Task1", "Task1", "{E58823DD-FDDE-46F4-8090-01D563277F58}"
EndProject
Project("{FAE04EC0-301F-11D3-BF4B-00C04F79EFBC}") = "Tyuiu.LebedevaKS.Sprint0.Task1.V0", "Tyuiu.LebedevaKS.Sprint0.Task1.V0\Tyuiu.LebedevaKS.Sprint0.Task1.V0.csproj", "{2FB20F31-BA64-4D5F-8E61-07DEF3DEB97E}"
EndProject
Project("{2150E333-8FDC-42A3-9474-1A3956D46DE8}") = "Task2", "Task2", "{A1D97581-41DB-4C4A-8558-6D9289D7D879}"
EndProject
Project("{FAE04EC0-301F-11D3-BF4B-00C04F79EFBC}") = "Tyuiu.LebedevaKS.Sprint0.Task2.V0", "Tyuiu.LebedevaKS.Sprint0.Task2.V0\Tyuiu.LebedevaKS.Sprint0.Task2.V0.csproj", "{A5F50E5F-1CFB-4D01-99C7-CFCD43A4EF92}"
EndProject
Project("{FAE04EC0-301F-11D3-BF4B-00C04F79EFBC}") = "Tyuiu.LebedevaKS.Sprint0.Task2.V0.Lib", "Tyuiu.LebedevaKS.Sprint0.Task2.V0.Lib\Tyuiu.LebedevaKS.Sprint0.Task2.V0.Lib.csproj", "{92E4F925-7E62-4AE9-B0DF-F385159BCF59}"
EndProject
Project("{FAE04EC0-301F-11D3-BF4B-00C04F79EFBC}") = "Tyuiu.LebedevaKS.Sprint0.Task2.V0.Test", "Tyuiu.LebedevaKS.Sprint0.Task2.V0.Test\Tyuiu.LebedevaKS.Sprint0.Task2.V0.Test.csproj", "{0C438238-E6F9-4FA6-A8F0-9AC3CDD3F2B6}"
EndProject
Project("{2150E333-8FDC-42A3-9474-1A3956D46DE8}") = "Task3", "Task3", "{B443C056-BAA8-46B8-A548-31B4CDE211CF}"
EndProject
Project("{FAE04EC0-301F-11D3-BF4B-00C04F79EFBC}") = "Tyuiu.LebedevaKS.Sprint0.Task3.V0", "Tyuiu.LebedevaKS.Sprint0.Task3.V0\Tyuiu.LebedevaKS.Sprint0.Task3.V0.csproj", "{E02859D3-BCC7-4630-AEB8-5ECF373891FF}"
EndProject
Project("{FAE04EC0-301F-11D3-BF4B-00C04F79EFBC}") = "Tyuiu.LebedevaKS.Sprint0.Task3.V0.Test", "Tyuiu.LebedevaKS.Sprint0.Task3.V0.Test\Tyuiu.LebedevaKS.Sprint0.Task3.V0.Test.csproj", "{147803E9-B462-4ED4-9BBB-53A4DDE749CE}"
EndProject
Project("{FAE04EC0-301F-11D3-BF4B-00C04F79EFBC}") = "Tyuiu.LebedevaKS.Sprint0.Task3.V0.Lib", "Tyuiu.LebedevaKS.Sprint0.Task3.V0.Lib\Tyuiu.LebedevaKS.Sprint0.Task3.V0.Lib.csproj", "{B633DE08-B295-440E-9FAF-E5AA90B95532}"
EndProject
Project("{2150E333-8FDC-42A3-9474-1A3956D46DE8}") = "Task4", "Task4", "{EF8463AC-F0AA-403F-87AF-291D5DD2FD90}"
EndProject
Project("{FAE04EC0-301F-11D3-BF4B-00C04F79EFBC}") = "Tyuiu.LebedevaKS.Sprint0.Task4.V0", "Tyuiu.LebedevaKS.Sprint0.Task4.V0\Tyuiu.LebedevaKS.Sprint0.Task4.V0.csproj", "{220A0814-4574-132D-B8DC-C5122A772109}"
EndProject
Project("{FAE04EC0-301F-11D3-BF4B-00C04F79EFBC}") = "Tyuiu.LebedevaKS.Sprint0.Task4.V0.Lib", "Tyuiu.LebedevaKS.Sprint0.Task4.V0.Lib\Tyuiu.LebedevaKS.Sprint0.Task4.V0.Lib.csproj", "{7712F9C4-D4A0-7E18-E4DD-871DF9DFC8F5}"
EndProject
Project("{FAE04EC0-301F-11D3-BF4B-00C04F79EFBC}") = "Tyuiu.LebedevaKS.Sprint0.Task4.V0.Test", "Tyuiu.LebedevaKS.Sprint0.Task4.V0.Test\Tyuiu.LebedevaKS.Sprint0.Task4.V0.Test.csproj", "{D05F8C85-7714-E7D0-A6A7-4C934B6CC084}"
EndProject
Project("{2150E333-8FDC-42A3-9474-1A3956D46DE8}") = "Task5", "Task5", "{F318F488-F2CF-43E6-9B93-BCB1B75EA829}"
EndProject
Project("{FAE04EC0-301F-11D3-BF4B-00C04F79EFBC}") = "Tyuiu.LebedevaKS.Sprint0.Task5.V0", "Tyuiu.LebedevaKS.Sprint0.Task5.V0\Tyuiu.LebedevaKS.Sprint0.Task5.V0.csproj", "{1BE71EAD-18E1-42AC-9B8A-022CF2F8AD9F}"
EndProject
Project("{FAE04EC0-301F-11D3-BF4B-00C04F79EFBC}") = "Tyuiu.LebedevaKS.Sprint0.Task5.V0.Lib", "Tyuiu.LebedevaKS.Sprint0.Task5.V0.Lib\Tyuiu.LebedevaKS.Sprint0.Task5.V0.Lib.csproj", "{18993647-EC6F-4C5D-8139-61CFC695BA42}"
EndProject
Project("{FAE04EC0-301F-11D3-BF4B-00C04F79EFBC}") = "Tyuiu.LebedevaKS.Sprint0.Task5.V0.Test", "Tyuiu.LebedevaKS.Sprint0.Task5.V0.Test\Tyuiu.LebedevaKS.Sprint0.Task5.V0.Test.csproj", "{903F65CC-9079-4751-9C38-2A95DA16E60B}"
EndProject
Project("{2150E333-8FDC-42A3-9474-1A3956D46DE8}") = "Task6", "Task6", "{4E721D54-B69F-4C70-AB73-96C806264A42}"
EndProject
Project("{FAE04EC0-301F-11D3-BF4B-00C04F79EFBC}") = "Tyuiu.LebedevaKS.Sprint0.Task6.V0.Test", "Tyuiu.LebedevaKS.Sprint0.Task6.V0.Test\Tyuiu.LebedevaKS.Sprint0.Task6.V0.Test.csproj", "{841B8825-47D4-4B2B-B4C5-082F3880E88A}"
EndProject
Project("{FAE04EC0-301F-11D3-BF4B-00C04F79EFBC}") = "Tyuiu.LebedevaKS.Sprint0.Task6.V0.Lib", "Tyuiu.LebedevaKS.Sprint0.Task6.V0.Lib\Tyuiu.LebedevaKS.Sprint0.Task6.V0.Lib.csproj", "{8B30A3AD-5541-4128-B42A-6DE52CE0F02C}"
EndProject
Project("{FAE04EC0-301F-11D3-BF4B-00C04F79EFBC}") = "Tyuiu.LebedevaKS.Sprint0.Task6.V0", "Tyuiu.LebedevaKS.Sprint0.Task6.V0\Tyuiu.LebedevaKS.Sprint0.Task6.V0.csproj", "{1B08D93E-50CB-48FF-B51C-D92F5F9C8F86}"
EndProject
Global
	GlobalSection(SolutionConfigurationPlatforms) = preSolution
		Debug|Any CPU = Debug|Any CPU
		Release|Any CPU = Release|Any CPU
	EndGlobalSection
	GlobalSection(ProjectConfigurationPlatforms) = postSolution
		{11D8A600-5647-4EDC-8F7A-9E83ED65D3F8}.Debug|Any CPU.ActiveCfg = Debug|Any CPU
		{11D8A600-5647-4EDC-8F7A-9E83ED65D3F8}.Debug|Any CPU.Build.0 = Debug|Any CPU
		{11D8A600-5647-4EDC-8F7A-9E83ED65D3F8}.Release|Any CPU.ActiveCfg = Release|Any CPU
		{11D8A600-5647-4EDC-8F7A-9E83ED65D3F8}.Release|Any CPU.Build.0 = Release|Any CPU
		{2FB20F31-BA64-4D5F-8E61-07DEF3DEB97E}.Debug|Any CPU.ActiveCfg = Debug|Any CPU
		{2FB20F31-BA64-4D5F-8E61-07DEF3DEB97E}.Debug|Any CPU.Build.0 = Debug|Any CPU
		{2FB20F31-BA64-4D5F-8E61-07DEF3DEB97E}.Release|Any CPU.ActiveCfg = Release|Any CPU
		{2FB20F31-BA64-4D5F-8E61-07DEF3DEB97E}.Release|Any CPU.Build.0 = Release|Any CPU
		{A5F50E5F-1CFB-4D01-99C7-CFCD43A4EF92}.Debug|Any CPU.ActiveCfg = Debug|Any CPU
		{A5F50E5F-1CFB-4D01-99C7-CFCD43A4EF92}.Debug|Any CPU.Build.0 = Debug|Any CPU
		{A5F50E5F-1CFB-4D01-99C7-CFCD43A4EF92}.Release|Any CPU.ActiveCfg = Release|Any CPU
		{A5F50E5F-1CFB-4D01-99C7-CFCD43A4EF92}.Release|Any CPU.Build.0 = Release|Any CPU
		{92E4F925-7E62-4AE9-B0DF-F385159BCF59}.Debug|Any CPU.ActiveCfg = Debug|Any CPU
		{92E4F925-7E62-4AE9-B0DF-F385159BCF59}.Debug|Any CPU.Build.0 = Debug|Any CPU
		{92E4F925-7E62-4AE9-B0DF-F385159BCF59}.Release|Any CPU.ActiveCfg = Release|Any CPU
		{92E4F925-7E62-4AE9-B0DF-F385159BCF59}.Release|Any CPU.Build.0 = Release|Any CPU
		{0C438238-E6F9-4FA6-A8F0-9AC3CDD3F2B6}.Debug|Any CPU.ActiveCfg = Debug|Any CPU
		{0C438238-E6F9-4FA6-A8F0-9AC3CDD3F2B6}.Debug|Any CPU.Build.0 = Debug|Any CPU
		{0C438238-E6F9-4FA6-A8F0-9AC3CDD3F2B6}.Release|Any CPU.ActiveCfg = Release|Any CPU
		{0C438238-E6F9-4FA6-A8F0-9AC3CDD3F2B6}.Release|Any CPU.Build.0 = Release|Any CPU
		{E02859D3-BCC7-4630-AEB8-5ECF373891FF}.Debug|Any CPU.ActiveCfg = Debug|Any CPU
		{E02859D3-BCC7-4630-AEB8-5ECF373891FF}.Debug|Any CPU.Build.0 = Debug|Any CPU
		{E02859D3-BCC7-4630-AEB8-5ECF373891FF}.Release|Any CPU.ActiveCfg = Release|Any CPU
		{E02859D3-BCC7-4630-AEB8-5ECF373891FF}.Release|Any CPU.Build.0 = Release|Any CPU
		{147803E9-B462-4ED4-9BBB-53A4DDE749CE}.Debug|Any CPU.ActiveCfg = Debug|Any CPU
		{147803E9-B462-4ED4-9BBB-53A4DDE749CE}.Debug|Any CPU.Build.0 = Debug|Any CPU
		{147803E9-B462-4ED4-9BBB-53A4DDE749CE}.Release|Any CPU.ActiveCfg = Release|Any CPU
		{147803E9-B462-4ED4-9BBB-53A4DDE749CE}.Release|Any CPU.Build.0 = Release|Any CPU
		{B633DE08-B295-440E-9FAF-E5AA90B95532}.Debug|Any CPU.ActiveCfg = Debug|Any CPU
		{B633DE08-B295-440E-9FAF-E5AA90B95532}.Debug|Any CPU.Build.0 = Debug|Any CPU
		{B633DE08-B295-440E-9FAF-E5AA90B95532}.Release|Any CPU.ActiveCfg = Release|Any CPU
		{B633DE08-B295-440E-9FAF-E5AA90B95532}.Release|Any CPU.Build.0 = Release|Any CPU
		{220A0814-4574-132D-B8DC-C5122A772109}.Debug|Any CPU.ActiveCfg = Debug|Any CPU
		{220A0814-4574-132D-B8DC-C5122A772109}.Debug|Any CPU.Build.0 = Debug|Any CPU
		{220A0814-4574-132D-B8DC-C5122A772109}.Release|Any CPU.ActiveCfg = Release|Any CPU
		{220A0814-4574-132D-B8DC-C5122A772109}.Release|Any CPU.Build.0 = Release|Any CPU
		{7712F9C4-D4A0-7E18-E4DD-871DF9DFC8F5}.Debug|Any CPU.ActiveCfg = Debug|Any CPU
		{7712F9C4-D4A0-7E18-E4DD-871DF9DFC8F5}.Debug|Any CPU.Build.0 = Debug|Any CPU
		{7712F9C4-D4A0-7E18-E4DD-871DF9DFC8F5}.Release|Any CPU.ActiveCfg = Release|Any CPU
		{7712F9C4-D4A0-7E18-E4DD-871DF9DFC8F5}.Release|Any CPU.Build.0 = Release|Any CPU
		{D05F8C85-7714-E7D0-A6A7-4C934B6CC084}.Debug|Any CPU.ActiveCfg = Debug|Any CPU
		{D05F8C85-7714-E7D0-A6A7-4C934B6CC084}.Debug|Any CPU.Build.0 = Debug|Any CPU
		{D05F8C85-7714-E7D0-A6A7-4C934B6CC084}.Release|Any CPU.ActiveCfg = Release|Any CPU
		{D05F8C85-7714-E7D0-A6A7-4C934B6CC084}.Release|Any CPU.Build.0 = Release|Any CPU
		{1BE71EAD-18E1-42AC-9B8A-022CF2F8AD9F}.Debug|Any CPU.ActiveCfg = Debug|Any CPU
		{1BE71EAD-18E1-42AC-9B8A-022CF2F8AD9F}.Debug|Any CPU.Build.0 = Debug|Any CPU
		{1BE71EAD-18E1-42AC-9B8A-022CF2F8AD9F}.Release|Any CPU.ActiveCfg = Release|Any CPU
		{1BE71EAD-18E1-42AC-9B8A-022CF2F8AD9F}.Release|Any CPU.Build.0 = Release|Any CPU
		{18993647-EC6F-4C5D-8139-61CFC695BA42}.Debug|Any CPU.ActiveCfg = Debug|Any CPU
		{18993647-EC6F-4C5D-8139-61CFC695BA42}.Debug|Any CPU.Build.0 = Debug|Any CPU
		{18993647-EC6F-4C5D-8139-61CFC695BA42}.Release|Any CPU.ActiveCfg = Release|Any CPU
		{18993647-EC6F-4C5D-8139-61CFC695BA42}.Release|Any CPU.Build.0 = Release|Any CPU
		{903F65CC-9079-4751-9C38-2A95DA16E60B}.Debug|Any CPU.ActiveCfg = Debug|Any CPU
		{903F65CC-9079-4751-9C38-2A95DA16E60B}.Debug|Any CPU.Build.0 = Debug|Any CPU
		{903F65CC-9079-4751-9C38-2A95DA16E60B}.Release|Any CPU.ActiveCfg = Release|Any CPU
		{903F65CC-9079-4751-9C38-2A95DA16E60B}.Release|Any CPU.Build.0 = Release|Any CPU
		{841B8825-47D4-4B2B-B4C5-082F3880E88A}.Debug|Any CPU.ActiveCfg = Debug|Any CPU
		{841B8825-47D4-4B2B-B4C5-082F3880E88A}.Debug|Any CPU.Build.0 = Debug|Any CPU
		{841B8825-47D4-4B2B-B4C5-082F3880E88A}.Release|Any CPU.ActiveCfg = Release|Any CPU
		{841B8825-47D4-4B2B-B4C5-082F3880E88A}.Release|Any CPU.Build.0 = Release|Any CPU
		{8B30A3AD-5541-4128-B42A-6DE52CE0F02C}.Debug|Any CPU.ActiveCfg = Debug|Any CPU
		{8B30A3AD-5541-4128-B42A-6DE52CE0F02C}.Debug|Any CPU.Build.0 = Debug|Any CPU
		{8B30A3AD-5541-4128-B42A-6DE52CE0F02C}.Release|Any CPU.ActiveCfg = Release|Any CPU
		{8B30A3AD-5541-4128-B42A-6DE52CE0F02C}.Release|Any CPU.Build.0 = Release|Any CPU
		{1B08D93E-50CB-48FF-B51C-D92F5F9C8F86}.Debug|Any CPU.ActiveCfg = Debug|Any CPU
		{1B08D93E-50CB-48FF-B51C-D92F5F9C8F86}.Debug|Any CPU.Build.0 = Debug|Any CPU
		{1B08D93E-50CB-48FF-B51C-D92F5F9C8F86}.Release|Any CPU.ActiveCfg = Release|Any CPU
		{1B08D93E-50CB-48FF-B51C-D92F5F9C8F86}.Release|Any CPU.Build.0 = Release|Any CPU
	EndGlobalSection
	GlobalSection(SolutionProperties) = preSolution
		HideSolutionNode = FALSE
	EndGlobalSection
	GlobalSection(NestedProjects) = preSolution
		{11D8A600-5647-4EDC-8F7A-9E83ED65D3F8} = {02EA681E-C7D8-13C7-8484-4AC65E1B71E8}
		{2FB20F31-BA64-4D5F-8E61-07DEF3DEB97E} = {E58823DD-FDDE-46F4-8090-01D563277F58}
		{A5F50E5F-1CFB-4D01-99C7-CFCD43A4EF92} = {A1D97581-41DB-4C4A-8558-6D9289D7D879}
		{92E4F925-7E62-4AE9-B0DF-F385159BCF59} = {A1D97581-41DB-4C4A-8558-6D9289D7D879}
		{0C438238-E6F9-4FA6-A8F0-9AC3CDD3F2B6} = {A1D97581-41DB-4C4A-8558-6D9289D7D879}
		{E02859D3-BCC7-4630-AEB8-5ECF373891FF} = {B443C056-BAA8-46B8-A548-31B4CDE211CF}
		{147803E9-B462-4ED4-9BBB-53A4DDE749CE} = {B443C056-BAA8-46B8-A548-31B4CDE211CF}
		{B633DE08-B295-440E-9FAF-E5AA90B95532} = {B443C056-BAA8-46B8-A548-31B4CDE211CF}
		{220A0814-4574-132D-B8DC-C5122A772109} = {EF8463AC-F0AA-403F-87AF-291D5DD2FD90}
		{7712F9C4-D4A0-7E18-E4DD-871DF9DFC8F5} = {EF8463AC-F0AA-403F-87AF-291D5DD2FD90}
		{D05F8C85-7714-E7D0-A6A7-4C934B6CC084} = {EF8463AC-F0AA-403F-87AF-291D5DD2FD90}
		{1BE71EAD-18E1-42AC-9B8A-022CF2F8AD9F} = {F318F488-F2CF-43E6-9B93-BCB1B75EA829}
		{18993647-EC6F-4C5D-8139-61CFC695BA42} = {F318F488-F2CF-43E6-9B93-BCB1B75EA829}
		{903F65CC-9079-4751-9C38-2A95DA16E60B} = {F318F488-F2CF-43E6-9B93-BCB1B75EA829}
		{841B8825-47D4-4B2B-B4C5-082F3880E88A} = {4E721D54-B69F-4C70-AB73-96C806264A42}
		{8B30A3AD-5541-4128-B42A-6DE52CE0F02C} = {4E721D54-B69F-4C70-AB73-96C806264A42}
		{1B08D93E-50CB-48FF-B51C-D92F5F9C8F86} = {4E721D54-B69F-4C70-AB73-96C806264A42}
	EndGlobalSection
	GlobalSection(ExtensibilityGlobals) = postSolution
		SolutionGuid = {1900DC9F-5E11-4922-A7CE-CD17F960C3CE}
	EndGlobalSection
EndGlobal
